lockfile_version: '1'
generated_at: '2026-08-08T21:16:53.848108+00:00'
apm_version: 0.28.0
dependencies:
- repo_url: 40ants/ai
  name: common-lisp-skills
  host: github.com
  resolved_commit: 4d07c53b33760d3cd98e0440593fc5c03c3c257d
  version: 0.1.0
  virtual_path: plugins/common-lisp-skills
  is_virtual: true
  package_type: marketplace_plugin
  deployed_files:
  - .agents/skills/avoiding-common-lisp-pitfalls
  - .agents/skills/avoiding-common-lisp-pitfalls/SKILL.md
  - .agents/skills/avoiding-common-lisp-pitfalls/check-paren-balance.lisp
  - .agents/skills/clearing-asdf-fasl-cache
  - .agents/skills/clearing-asdf-fasl-cache/SKILL.md
  - .agents/skills/clearing-asdf-fasl-cache/clear-fasl-cache.sh
  - .agents/skills/defining-clos-classes
  - .agents/skills/defining-clos-classes/SKILL.md
  - .agents/skills/handling-json-in-common-lisp
  - .agents/skills/handling-json-in-common-lisp/SKILL.md
  - .agents/skills/logging-with-log4cl
  - .agents/skills/logging-with-log4cl/SKILL.md
  - .agents/skills/testing-with-rove
  - .agents/skills/testing-with-rove/SKILL.md
  - .agents/skills/using-common-lisp-repl
  - .agents/skills/using-common-lisp-repl/SKILL.md
  - .agents/skills/writing-40ants-doc-documentation
  - .agents/skills/writing-40ants-doc-documentation/SKILL.md
  - .agents/skills/writing-common-lisp
  - .agents/skills/writing-common-lisp/SKILL.md
  deployed_file_hashes:
    .agents/skills/avoiding-common-lisp-pitfalls/SKILL.md: sha256:ed8cbf3acb2f4cc41e64200a4abc48e70937cdd3264fdff808d1793c70da13af
    .agents/skills/avoiding-common-lisp-pitfalls/check-paren-balance.lisp: sha256:fc0037a2bc9bf48a4a339042ba6f0d47235efa4815288502ac4babe380595069
    .agents/skills/clearing-asdf-fasl-cache/SKILL.md: sha256:7f303ee779b8e189deb5b2bf42f22a3f58ed5702ce0c48070714e136ea969e05
    .agents/skills/clearing-asdf-fasl-cache/clear-fasl-cache.sh: sha256:9c990ad85e8c559f75d0d4435736b317b9486307b2830ec58abb253efd922173
    .agents/skills/defining-clos-classes/SKILL.md: sha256:c3cb247882066fe00d8e66d7c0c05db3f82a25bc9ab79351887b79d2081804ba
    .agents/skills/handling-json-in-common-lisp/SKILL.md: sha256:d30a07e0fe19a246a6f3a6f94ef39d555af7c40ff688310615a7bfc45bcb402f
    .agents/skills/logging-with-log4cl/SKILL.md: sha256:eeb92fd4105be0b20e74532e2cfd1d267541d0c43124753d4e2d7e727b61b9d3
    .agents/skills/testing-with-rove/SKILL.md: sha256:2f4516d23100d112d0b39ff5bf50e8085ba83e8ee182c477c2663fdcdbca82d5
    .agents/skills/using-common-lisp-repl/SKILL.md: sha256:449ce4b78d66f9a6cbaf29ceaf22d810c61082856c2cb0453f250cf20c467455
    .agents/skills/writing-40ants-doc-documentation/SKILL.md: sha256:abf7a08a1795d1cefd9daf290582c0d95ecb3c0bfa9b19bdf567a67ecee236d8
    .agents/skills/writing-common-lisp/SKILL.md: sha256:23885e7aa810373c95bc1ecedcf00799b46adc000373556a3762ecf4e48dd06f
  content_hash: sha256:e1271ff1d0b6a2611fd8e6260efd7a3b9034b8abdce77e88f655b12cec738dcf
  declared_license: MIT
- repo_url: obra/superpowers
  name: superpowers
  host: github.com
  resolved_commit: 44c9b2d6e889982ac18c27d05a19fefe335194e1
  version: 6.2.0
  package_type: marketplace_plugin
  deployed_files:
  - .agents/skills/brainstorming
  - .agents/skills/brainstorming/SKILL.md
  - .agents/skills/brainstorming/scripts/frame-template.html
  - .agents/skills/brainstorming/scripts/helper.js
  - .agents/skills/brainstorming/scripts/server.cjs
  - .agents/skills/brainstorming/scripts/start-server.sh
  - .agents/skills/brainstorming/scripts/stop-server.sh
  - .agents/skills/brainstorming/spec-document-reviewer-prompt.md
  - .agents/skills/brainstorming/visual-companion.md
  - .agents/skills/dispatching-parallel-agents
  - .agents/skills/dispatching-parallel-agents/SKILL.md
  - .agents/skills/systematic-debugging
  - .agents/skills/systematic-debugging/CREATION-LOG.md
  - .agents/skills/systematic-debugging/SKILL.md
  - .agents/skills/systematic-debugging/condition-based-waiting-example.ts
  - .agents/skills/systematic-debugging/condition-based-waiting.md
  - .agents/skills/systematic-debugging/defense-in-depth.md
  - .agents/skills/systematic-debugging/find-polluter.sh
  - .agents/skills/systematic-debugging/root-cause-tracing.md
  - .agents/skills/systematic-debugging/test-academic.md
  - .agents/skills/systematic-debugging/test-pressure-1.md
  - .agents/skills/systematic-debugging/test-pressure-2.md
  - .agents/skills/systematic-debugging/test-pressure-3.md
  deployed_file_hashes:
    .agents/skills/brainstorming/SKILL.md: sha256:4a54a4858b99807f3155ed1614b2f116e35ea5c1b788e793f565dd837fd3891f
    .agents/skills/brainstorming/scripts/frame-template.html: sha256:6a8a4e58bd6a44b904e2e3c57de774481d909204597e1498de53f1b2fecc4c4e
    .agents/skills/brainstorming/scripts/helper.js: sha256:43c6d69954a46ec34a2a262bcc62a9a7e83e839c739f199cb72646d397c686e3
    .agents/skills/brainstorming/scripts/server.cjs: sha256:2d2961ea8d11f56c5f4c3a1a68d22709efa5d7601a2246d8c880774e7e9e8412
    .agents/skills/brainstorming/scripts/start-server.sh: sha256:a4e5ae84275bcaacd2f84345afeabe59cf7b00ba080e123da7cc1fb226f12847
    .agents/skills/brainstorming/scripts/stop-server.sh: sha256:0b5ccbbd57f62d3ed88993f7940b5ee0e5c0fc9b21c550c623da4f6292e47daf
    .agents/skills/brainstorming/spec-document-reviewer-prompt.md: sha256:95a0a195de9d984be2fffa95bab16fc8c563bc296a9cfc5e9c29cb3ece0d7457
    .agents/skills/brainstorming/visual-companion.md: sha256:60cbad29b9dd7eaf08da020e301c498a72230b2e13c1813fa967a135ffcc1d71
    .agents/skills/dispatching-parallel-agents/SKILL.md: sha256:1968923066f3b707eb01d1992cdf4c42284c3855f70253b9cd5000ff45fca13c
    .agents/skills/systematic-debugging/CREATION-LOG.md: sha256:c24733a5b1821bd6bed1fc950261f0b9f4e90097e0bbb96459d8179713730789
    .agents/skills/systematic-debugging/SKILL.md: sha256:808fc5717aa88ad65efff312b11c186294d3e6ee301afb584e2f86599b137787
    .agents/skills/systematic-debugging/condition-based-waiting-example.ts: sha256:40ae5ebe497fdf310200e43fe986552546d0a22837c0d39e855db1cfd33eb88e
    .agents/skills/systematic-debugging/condition-based-waiting.md: sha256:e89fec8400d6cd50f43407cec9fab50976ba4d55d0ec2eb51c0bd68036b54c26
    .agents/skills/systematic-debugging/defense-in-depth.md: sha256:1e175fb86fc357e58c6aebf5441e481e1b7868b4380c0456b63a17eefbd18ba7
    .agents/skills/systematic-debugging/find-polluter.sh: sha256:dd7b8f13c4cc2a24b33ff87b18da9248f3e1c80a085c3316224f69ff0fa5c43c
    .agents/skills/systematic-debugging/root-cause-tracing.md: sha256:6b0622269e098ca1399e123e553fd385f0b6412d88ef0e9c4f5a8ea9cf1cec7b
    .agents/skills/systematic-debugging/test-academic.md: sha256:fe2ba480d78ac0d686dc025f41c2a32a43d642bf533f91b0c6053a04d35d6486
    .agents/skills/systematic-debugging/test-pressure-1.md: sha256:0b6a915db0054577819834c79be9eb614e97bddba10d73768e1fbe91cfed048a
    .agents/skills/systematic-debugging/test-pressure-2.md: sha256:b2030aeffba07050e8ad573ddf87486457c4a016a786bb326235bebd856f2016
    .agents/skills/systematic-debugging/test-pressure-3.md: sha256:96b50a52e2c7989c9cf20fb752c47c1e9a3a70dc362f8f7989f8f5b64dac7708
  content_hash: sha256:44ac70681642c507d2d708267610f8a01c863fb126a83549b4e303d29d808040
  skill_subset:
  - brainstorming
  - dispatching-parallel-agents
  - systematic-debugging
  declared_license: MIT
deployments:
- kind: project-relative
  target: agents
  value: .agents/skills/avoiding-common-lisp-pitfalls
  runtime: null
  scope: project
  owners:
  - 40ants/ai/plugins/common-lisp-skills
  active_owner: 40ants/ai/plugins/common-lisp-skills
  content_hash: null
- kind: project-relative
  target: agents
  value: .agents/skills/avoiding-common-lisp-pitfalls/SKILL.md
  runtime: null
  scope: project
  owners:
  - 40ants/ai/plugins/common-lisp-skills
  active_owner: 40ants/ai/plugins/common-lisp-skills
  content_hash: sha256:ed8cbf3acb2f4cc41e64200a4abc48e70937cdd3264fdff808d1793c70da13af
- kind: project-relative
  target: agents
  value: .agents/skills/avoiding-common-lisp-pitfalls/check-paren-balance.lisp
  runtime: null
  scope: project
  owners:
  - 40ants/ai/plugins/common-lisp-skills
  active_owner: 40ants/ai/plugins/common-lisp-skills
  content_hash: sha256:fc0037a2bc9bf48a4a339042ba6f0d47235efa4815288502ac4babe380595069
- kind: project-relative
  target: agents
  value: .agents/skills/brainstorming
  runtime: null
  scope: project
  owners:
  - obra/superpowers
  active_owner: obra/superpowers
  content_hash: null
- kind: project-relative
  target: agents
  value: .agents/skills/brainstorming/SKILL.md
  runtime: null
  scope: project
  owners:
  - obra/superpowers
  active_owner: obra/superpowers
  content_hash: sha256:4a54a4858b99807f3155ed1614b2f116e35ea5c1b788e793f565dd837fd3891f
- kind: project-relative
  target: agents
  value: .agents/skills/brainstorming/scripts/frame-template.html
  runtime: null
  scope: project
  owners:
  - obra/superpowers
  active_owner: obra/superpowers
  content_hash: sha256:6a8a4e58bd6a44b904e2e3c57de774481d909204597e1498de53f1b2fecc4c4e
- kind: project-relative
  target: agents
  value: .agents/skills/brainstorming/scripts/helper.js
  runtime: null
  scope: project
  owners:
  - obra/superpowers
  active_owner: obra/superpowers
  content_hash: sha256:43c6d69954a46ec34a2a262bcc62a9a7e83e839c739f199cb72646d397c686e3
- kind: project-relative
  target: agents
  value: .agents/skills/brainstorming/scripts/server.cjs
  runtime: null
  scope: project
  owners:
  - obra/superpowers
  active_owner: obra/superpowers
  content_hash: sha256:2d2961ea8d11f56c5f4c3a1a68d22709efa5d7601a2246d8c880774e7e9e8412
- kind: project-relative
  target: agents
  value: .agents/skills/brainstorming/scripts/start-server.sh
  runtime: null
  scope: project
  owners:
  - obra/superpowers
  active_owner: obra/superpowers
  content_hash: sha256:a4e5ae84275bcaacd2f84345afeabe59cf7b00ba080e123da7cc1fb226f12847
- kind: project-relative
  target: agents
  value: .agents/skills/brainstorming/scripts/stop-server.sh
  runtime: null
  scope: project
  owners:
  - obra/superpowers
  active_owner: obra/superpowers
  content_hash: sha256:0b5ccbbd57f62d3ed88993f7940b5ee0e5c0fc9b21c550c623da4f6292e47daf
- kind: project-relative
  target: agents
  value: .agents/skills/brainstorming/spec-document-reviewer-prompt.md
  runtime: null
  scope: project
  owners:
  - obra/superpowers
  active_owner: obra/superpowers
  content_hash: sha256:95a0a195de9d984be2fffa95bab16fc8c563bc296a9cfc5e9c29cb3ece0d7457
- kind: project-relative
  target: agents
  value: .agents/skills/brainstorming/visual-companion.md
  runtime: null
  scope: project
  owners:
  - obra/superpowers
  active_owner: obra/superpowers
  content_hash: sha256:60cbad29b9dd7eaf08da020e301c498a72230b2e13c1813fa967a135ffcc1d71
- kind: project-relative
  target: agents
  value: .agents/skills/clearing-asdf-fasl-cache
  runtime: null
  scope: project
  owners:
  - 40ants/ai/plugins/common-lisp-skills
  active_owner: 40ants/ai/plugins/common-lisp-skills
  content_hash: null
- kind: project-relative
  target: agents
  value: .agents/skills/clearing-asdf-fasl-cache/SKILL.md
  runtime: null
  scope: project
  owners:
  - 40ants/ai/plugins/common-lisp-skills
  active_owner: 40ants/ai/plugins/common-lisp-skills
  content_hash: sha256:7f303ee779b8e189deb5b2bf42f22a3f58ed5702ce0c48070714e136ea969e05
- kind: project-relative
  target: agents
  value: .agents/skills/clearing-asdf-fasl-cache/clear-fasl-cache.sh
  runtime: null
  scope: project
  owners:
  - 40ants/ai/plugins/common-lisp-skills
  active_owner: 40ants/ai/plugins/common-lisp-skills
  content_hash: sha256:9c990ad85e8c559f75d0d4435736b317b9486307b2830ec58abb253efd922173
- kind: project-relative
  target: agents
  value: .agents/skills/defining-clos-classes
  runtime: null
  scope: project
  owners:
  - 40ants/ai/plugins/common-lisp-skills
  active_owner: 40ants/ai/plugins/common-lisp-skills
  content_hash: null
- kind: project-relative
  target: agents
  value: .agents/skills/defining-clos-classes/SKILL.md
  runtime: null
  scope: project
  owners:
  - 40ants/ai/plugins/common-lisp-skills
  active_owner: 40ants/ai/plugins/common-lisp-skills
  content_hash: sha256:c3cb247882066fe00d8e66d7c0c05db3f82a25bc9ab79351887b79d2081804ba
- kind: project-relative
  target: agents
  value: .agents/skills/dispatching-parallel-agents
  runtime: null
  scope: project
  owners:
  - obra/superpowers
  active_owner: obra/superpowers
  content_hash: null
- kind: project-relative
  target: agents
  value: .agents/skills/dispatching-parallel-agents/SKILL.md
  runtime: null
  scope: project
  owners:
  - obra/superpowers
  active_owner: obra/superpowers
  content_hash: sha256:1968923066f3b707eb01d1992cdf4c42284c3855f70253b9cd5000ff45fca13c
- kind: project-relative
  target: agents
  value: .agents/skills/handling-json-in-common-lisp
  runtime: null
  scope: project
  owners:
  - 40ants/ai/plugins/common-lisp-skills
  active_owner: 40ants/ai/plugins/common-lisp-skills
  content_hash: null
- kind: project-relative
  target: agents
  value: .agents/skills/handling-json-in-common-lisp/SKILL.md
  runtime: null
  scope: project
  owners:
  - 40ants/ai/plugins/common-lisp-skills
  active_owner: 40ants/ai/plugins/common-lisp-skills
  content_hash: sha256:d30a07e0fe19a246a6f3a6f94ef39d555af7c40ff688310615a7bfc45bcb402f
- kind: project-relative
  target: agents
  value: .agents/skills/logging-with-log4cl
  runtime: null
  scope: project
  owners:
  - 40ants/ai/plugins/common-lisp-skills
  active_owner: 40ants/ai/plugins/common-lisp-skills
  content_hash: null
- kind: project-relative
  target: agents
  value: .agents/skills/logging-with-log4cl/SKILL.md
  runtime: null
  scope: project
  owners:
  - 40ants/ai/plugins/common-lisp-skills
  active_owner: 40ants/ai/plugins/common-lisp-skills
  content_hash: sha256:eeb92fd4105be0b20e74532e2cfd1d267541d0c43124753d4e2d7e727b61b9d3
- kind: project-relative
  target: agents
  value: .agents/skills/systematic-debugging
  runtime: null
  scope: project
  owners:
  - obra/superpowers
  active_owner: obra/superpowers
  content_hash: null
- kind: project-relative
  target: agents
  value: .agents/skills/systematic-debugging/CREATION-LOG.md
  runtime: null
  scope: project
  owners:
  - obra/superpowers
  active_owner: obra/superpowers
  content_hash: sha256:c24733a5b1821bd6bed1fc950261f0b9f4e90097e0bbb96459d8179713730789
- kind: project-relative
  target: agents
  value: .agents/skills/systematic-debugging/SKILL.md
  runtime: null
  scope: project
  owners:
  - obra/superpowers
  active_owner: obra/superpowers
  content_hash: sha256:808fc5717aa88ad65efff312b11c186294d3e6ee301afb584e2f86599b137787
- kind: project-relative
  target: agents
  value: .agents/skills/systematic-debugging/condition-based-waiting-example.ts
  runtime: null
  scope: project
  owners:
  - obra/superpowers
  active_owner: obra/superpowers
  content_hash: sha256:40ae5ebe497fdf310200e43fe986552546d0a22837c0d39e855db1cfd33eb88e
- kind: project-relative
  target: agents
  value: .agents/skills/systematic-debugging/condition-based-waiting.md
  runtime: null
  scope: project
  owners:
  - obra/superpowers
  active_owner: obra/superpowers
  content_hash: sha256:e89fec8400d6cd50f43407cec9fab50976ba4d55d0ec2eb51c0bd68036b54c26
- kind: project-relative
  target: agents
  value: .agents/skills/systematic-debugging/defense-in-depth.md
  runtime: null
  scope: project
  owners:
  - obra/superpowers
  active_owner: obra/superpowers
  content_hash: sha256:1e175fb86fc357e58c6aebf5441e481e1b7868b4380c0456b63a17eefbd18ba7
- kind: project-relative
  target: agents
  value: .agents/skills/systematic-debugging/find-polluter.sh
  runtime: null
  scope: project
  owners:
  - obra/superpowers
  active_owner: obra/superpowers
  content_hash: sha256:dd7b8f13c4cc2a24b33ff87b18da9248f3e1c80a085c3316224f69ff0fa5c43c
- kind: project-relative
  target: agents
  value: .agents/skills/systematic-debugging/root-cause-tracing.md
  runtime: null
  scope: project
  owners:
  - obra/superpowers
  active_owner: obra/superpowers
  content_hash: sha256:6b0622269e098ca1399e123e553fd385f0b6412d88ef0e9c4f5a8ea9cf1cec7b
- kind: project-relative
  target: agents
  value: .agents/skills/systematic-debugging/test-academic.md
  runtime: null
  scope: project
  owners:
  - obra/superpowers
  active_owner: obra/superpowers
  content_hash: sha256:fe2ba480d78ac0d686dc025f41c2a32a43d642bf533f91b0c6053a04d35d6486
- kind: project-relative
  target: agents
  value: .agents/skills/systematic-debugging/test-pressure-1.md
  runtime: null
  scope: project
  owners:
  - obra/superpowers
  active_owner: obra/superpowers
  content_hash: sha256:0b6a915db0054577819834c79be9eb614e97bddba10d73768e1fbe91cfed048a
- kind: project-relative
  target: agents
  value: .agents/skills/systematic-debugging/test-pressure-2.md
  runtime: null
  scope: project
  owners:
  - obra/superpowers
  active_owner: obra/superpowers
  content_hash: sha256:b2030aeffba07050e8ad573ddf87486457c4a016a786bb326235bebd856f2016
- kind: project-relative
  target: agents
  value: .agents/skills/systematic-debugging/test-pressure-3.md
  runtime: null
  scope: project
  owners:
  - obra/superpowers
  active_owner: obra/superpowers
  content_hash: sha256:96b50a52e2c7989c9cf20fb752c47c1e9a3a70dc362f8f7989f8f5b64dac7708
- kind: project-relative
  target: agents
  value: .agents/skills/testing-with-rove
  runtime: null
  scope: project
  owners:
  - 40ants/ai/plugins/common-lisp-skills
  active_owner: 40ants/ai/plugins/common-lisp-skills
  content_hash: null
- kind: project-relative
  target: agents
  value: .agents/skills/testing-with-rove/SKILL.md
  runtime: null
  scope: project
  owners:
  - 40ants/ai/plugins/common-lisp-skills
  active_owner: 40ants/ai/plugins/common-lisp-skills
  content_hash: sha256:2f4516d23100d112d0b39ff5bf50e8085ba83e8ee182c477c2663fdcdbca82d5
- kind: project-relative
  target: agents
  value: .agents/skills/using-common-lisp-repl
  runtime: null
  scope: project
  owners:
  - 40ants/ai/plugins/common-lisp-skills
  active_owner: 40ants/ai/plugins/common-lisp-skills
  content_hash: null
- kind: project-relative
  target: agents
  value: .agents/skills/using-common-lisp-repl/SKILL.md
  runtime: null
  scope: project
  owners:
  - 40ants/ai/plugins/common-lisp-skills
  active_owner: 40ants/ai/plugins/common-lisp-skills
  content_hash: sha256:449ce4b78d66f9a6cbaf29ceaf22d810c61082856c2cb0453f250cf20c467455
- kind: project-relative
  target: agents
  value: .agents/skills/writing-40ants-doc-documentation
  runtime: null
  scope: project
  owners:
  - 40ants/ai/plugins/common-lisp-skills
  active_owner: 40ants/ai/plugins/common-lisp-skills
  content_hash: null
- kind: project-relative
  target: agents
  value: .agents/skills/writing-40ants-doc-documentation/SKILL.md
  runtime: null
  scope: project
  owners:
  - 40ants/ai/plugins/common-lisp-skills
  active_owner: 40ants/ai/plugins/common-lisp-skills
  content_hash: sha256:abf7a08a1795d1cefd9daf290582c0d95ecb3c0bfa9b19bdf567a67ecee236d8
- kind: project-relative
  target: agents
  value: .agents/skills/writing-common-lisp
  runtime: null
  scope: project
  owners:
  - 40ants/ai/plugins/common-lisp-skills
  active_owner: 40ants/ai/plugins/common-lisp-skills
  content_hash: null
- kind: project-relative
  target: agents
  value: .agents/skills/writing-common-lisp/SKILL.md
  runtime: null
  scope: project
  owners:
  - 40ants/ai/plugins/common-lisp-skills
  active_owner: 40ants/ai/plugins/common-lisp-skills
  content_hash: sha256:23885e7aa810373c95bc1ecedcf00799b46adc000373556a3762ecf4e48dd06f
