;;;;;;;;;;;;;;;;;;;;;;;;;;;;;;;;;;;;;;;;;;;;;;;;;;;;;;;;;;;;;;;;;;;;;;;;;;;;;;;;
;; This is autogenerated by CLPM. Do not edit by hand.
;;;;;;;;;;;;;;;;;;;;;;;;;;;;;;;;;;;;;;;;;;;;;;;;;;;;;;;;;;;;;;;;;;;;;;;;;;;;;;;;

(:api-version "0.4")

;;;;;;;;;;;;;;;;;;;;;;;;;;;;;;;;;;;;;;;;;;;;;;;;;;;;;;;;;;;;;;;;;;;;;;;;;;;;;;;;
;; BEGIN SOURCES
;;;;;;;;;;;;;;;;;;;;;;;;;;;;;;;;;;;;;;;;;;;;;;;;;;;;;;;;;;;;;;;;;;;;;;;;;;;;;;;;

:sources
(:implicit-file :type :file-system :system-files ("40ants-logging-example.asd"))
(:implicit-file :type :file-system :system-files ("40ants-logging-docs.asd"))
(:implicit-file :type :file-system :system-files ("40ants-logging-ci.asd"))
(:implicit-file :type :file-system :system-files ("40ants-logging-tests.asd"))
(:implicit-file :type :file-system :system-files ("40ants-logging.asd"))
(:implicit-vcs :type :vcs :projects
 (("40ants-slynk" :github :path "40ants/slynk")))
("quicklisp" :url "https://beta.quicklisp.org/dist/quicklisp.txt" :type
 :quicklisp)
("ultralisp" :url "https://clpi.ultralisp.org/" :type :clpi)


;;;;;;;;;;;;;;;;;;;;;;;;;;;;;;;;;;;;;;;;;;;;;;;;;;;;;;;;;;;;;;;;;;;;;;;;;;;;;;;;
;; BEGIN REQUIREMENTS
;;;;;;;;;;;;;;;;;;;;;;;;;;;;;;;;;;;;;;;;;;;;;;;;;;;;;;;;;;;;;;;;;;;;;;;;;;;;;;;;

:requirements
(:project :name "40ants-slynk" :branch "master" :source :implicit-vcs)
(:asd-file :name "40ants-logging-example.asd")
(:asd-file :name "40ants-logging-docs.asd")
(:asd-file :name "40ants-logging-ci.asd")
(:asd-file :name "40ants-logging-tests.asd")
(:asd-file :name "40ants-logging.asd")


;;;;;;;;;;;;;;;;;;;;;;;;;;;;;;;;;;;;;;;;;;;;;;;;;;;;;;;;;;;;;;;;;;;;;;;;;;;;;;;;
;; BEGIN RELEASES
;;;;;;;;;;;;;;;;;;;;;;;;;;;;;;;;;;;;;;;;;;;;;;;;;;;;;;;;;;;;;;;;;;;;;;;;;;;;;;;;

:releases
("40ants-asdf-system" :version "2023-02-15" :source "quicklisp" :systems
 ("40ants-asdf-system"))
("40ants-logging-ci.asd" :version :newest :source :implicit-file :systems
 ("40ants-logging-ci" "40ants-logging-ci/ci" "40ants-logging-ci/cli"
  "40ants-logging-ci/core"))
("40ants-logging-docs.asd" :version :newest :source :implicit-file :systems
 ("40ants-logging-docs" "40ants-logging-docs/changelog"
  "40ants-logging-docs/index"))
("40ants-logging-example.asd" :version :newest :source :implicit-file :systems
 ("40ants-logging-example" "40ants-logging-example/ci"
  "40ants-logging-example/cli" "40ants-logging-example/core"))
("40ants-logging-tests.asd" :version :newest :source :implicit-file :systems
 ("40ants-logging-tests" "40ants-logging-tests/core"))
("40ants-logging.asd" :version :newest :source :implicit-file :systems
 ("40ants-logging" "40ants-logging/ci" "40ants-logging/cli"
  "40ants-logging/core"))
("40ants-slynk" :version (:commit "96fc23ba523c62d8ed63b4c22dd723b955c0e6d8")
 :source :implicit-vcs :systems
 ("40ants-slynk" "40ants-slynk-ci" "40ants-slynk-ci/ci" "40ants-slynk-ci/core"
  "40ants-slynk-docs" "40ants-slynk-docs/changelog" "40ants-slynk-docs/index"
  "40ants-slynk-tests" "40ants-slynk-tests/core" "40ants-slynk/ci"
  "40ants-slynk/core"))
("40ants/ci" :version "20221112192001" :source "ultralisp" :systems
 ("40ants-ci/github" "40ants-ci/jobs/docs" "40ants-ci/jobs/job"
  "40ants-ci/jobs/linter" "40ants-ci/jobs/lisp-job" "40ants-ci/jobs/run-tests"
  "40ants-ci/steps/action" "40ants-ci/steps/sh" "40ants-ci/steps/step"
  "40ants-ci/utils" "40ants-ci/vars" "40ants-ci/workflow"))
("40ants/doc" :version "20221205211000" :source "ultralisp" :systems
 ("40ants-doc/changelog" "40ants-doc/core" "40ants-doc/docstring"
  "40ants-doc/locatives" "40ants-doc/locatives/base"
  "40ants-doc/object-package" "40ants-doc/reference" "40ants-doc/reference-api"
  "40ants-doc/source-api"))
("40ants/log4cl-extras" :version "20230206201500" :source "ultralisp" :systems
 ("log4cl-extras/appenders" "log4cl-extras/config" "log4cl-extras/context"
  "log4cl-extras/json" "log4cl-extras/plain" "log4cl-extras/utils"))
("alexandria" :version "2022-07-08" :source "quicklisp" :systems ("alexandria"))
("babel" :version "2023-02-15" :source "quicklisp" :systems ("babel"))
("bordeaux-threads" :version "2022-07-08" :source "quicklisp" :systems
 ("bordeaux-threads"))
("cffi" :version "2023-02-15" :source "quicklisp" :systems
 ("cffi" "cffi-grovel" "cffi-toolchain"))
("cl-annot" :version "2015-06-08" :source "quicklisp" :systems ("cl-annot"))
("cl-change-case" :version "2021-04-11" :source "quicklisp" :systems
 ("cl-change-case"))
("cl-clon" :version "2021-04-11" :source "quicklisp" :systems
 ("net.didierverna.clon.core" "net.didierverna.clon.setup"))
("cl-inflector" :version "2015-01-13" :source "quicklisp" :systems
 ("cl-inflector"))
("cl-ppcre" :version "2022-02-20" :source "quicklisp" :systems
 ("cl-ppcre" "cl-ppcre-unicode"))
("cl-str" :version "2023-02-15" :source "quicklisp" :systems ("str"))
("cl-strings" :version "2021-04-11" :source "quicklisp" :systems ("cl-strings"))
("cl-syntax" :version "2015-04-07" :source "quicklisp" :systems
 ("cl-syntax" "cl-syntax-annot"))
("cl-unicode" :version "2021-02-28" :source "quicklisp" :systems ("cl-unicode"))
("defmain" :version "2022-11-07" :source "quicklisp" :systems ("defmain"))
("dissect" :version "2022-11-07" :source "quicklisp" :systems ("dissect"))
("doc" :version "2023-02-15" :source "quicklisp" :systems ("40ants-doc"))
("docs-builder" :version "2023-02-15" :source "quicklisp" :systems
 ("docs-config"))
("fast-io" :version "2022-11-07" :source "quicklisp" :systems ("fast-io"))
("global-vars" :version "2014-11-06" :source "quicklisp" :systems
 ("global-vars"))
("jonathan" :version "2020-09-25" :source "quicklisp" :systems ("jonathan"))
("local-time" :version "2023-02-15" :source "quicklisp" :systems ("local-time"))
("log4cl" :version "2021-12-09" :source "quicklisp" :systems ("log4cl"))
("named-readtables" :version "2022-04-01" :source "quicklisp" :systems
 ("named-readtables"))
("proc-parse" :version "2019-08-13" :source "quicklisp" :systems ("proc-parse"))
("pythonic-string-reader" :version "2018-07-11" :source "quicklisp" :systems
 ("pythonic-string-reader"))
("quicklisp/quicklisp-client" :version "20221213010500" :source "ultralisp"
 :systems ("quicklisp"))
("rove" :version "2023-02-15" :source "quicklisp" :systems ("rove"))
("static-vectors" :version "2021-06-30" :source "quicklisp" :systems
 ("static-vectors"))
("trivial-features" :version "2021-12-09" :source "quicklisp" :systems
 ("trivial-features"))
("trivial-gray-streams" :version "2021-01-24" :source "quicklisp" :systems
 ("trivial-gray-streams"))
("trivial-types" :version "2012-04-07" :source "quicklisp" :systems
 ("trivial-types"))
("yason" :version "2023-02-15" :source "quicklisp" :systems ("yason"))


;;;;;;;;;;;;;;;;;;;;;;;;;;;;;;;;;;;;;;;;;;;;;;;;;;;;;;;;;;;;;;;;;;;;;;;;;;;;;;;;
;; BEGIN REVERSE-DEPENDENCIES
;;;;;;;;;;;;;;;;;;;;;;;;;;;;;;;;;;;;;;;;;;;;;;;;;;;;;;;;;;;;;;;;;;;;;;;;;;;;;;;;

:reverse-dependencies
("40ants-asdf-system"
 ((:system :name "40ants-slynk/core") (:system :name "40ants-asdf-system"))
 ((:system :name "40ants-slynk/ci") (:system :name "40ants-asdf-system"))
 ((:system :name "40ants-slynk") (:system :name "40ants-asdf-system"))
 ((:system :name "40ants-slynk") (:system :name "40ants-asdf-system"))
 ((:system :name "40ants-logging/core") (:system :name "40ants-asdf-system"))
 ((:system :name "40ants-logging/cli") (:system :name "40ants-asdf-system"))
 ((:system :name "40ants-logging/ci") (:system :name "40ants-asdf-system"))
 ((:system :name "40ants-logging") (:system :name "40ants-asdf-system"))
 ((:system :name "40ants-logging") (:system :name "40ants-asdf-system")))

("40ants-logging-ci.asd"
 ((:system :name "40ants-logging-ci") (:system :name "40ants-logging-ci/ci"))
 (t (:asd-file :name "40ants-logging-ci.asd")))

("40ants-logging-docs.asd"
 ((:system :name "40ants-logging-docs/index")
  (:system :name "40ants-logging-docs/changelog"))
 ((:system :name "40ants-logging-docs")
  (:system :name "40ants-logging-docs/index"))
 (t (:asd-file :name "40ants-logging-docs.asd")))

("40ants-logging-example.asd"
 ((:system :name "40ants-logging-example")
  (:system :name "40ants-logging-example/cli"))
 (t (:asd-file :name "40ants-logging-example.asd")))

("40ants-logging-tests.asd"
 ((:system :name "40ants-logging-tests")
  (:system :name "40ants-logging-tests/core"))
 (t (:asd-file :name "40ants-logging-tests.asd")))

("40ants-logging.asd"
 ((:system :name "40ants-logging/cli") (:system :name "40ants-logging"))
 ((:system :name "40ants-logging-example/cli")
  (:system :name "40ants-logging"))
 ((:system :name "40ants-logging-docs") (:system :name "40ants-logging"))
 ((:system :name "40ants-logging-ci/cli") (:system :name "40ants-logging"))
 ((:system :name "40ants-logging") (:system :name "40ants-logging/core"))
 (t (:asd-file :name "40ants-logging.asd")))

("40ants-slynk"
 ((:system :name "40ants-slynk-tests")
  (:system :name "40ants-slynk-tests/core"))
 ((:system :name "40ants-slynk-docs/index")
  (:system :name "40ants-slynk-docs/changelog"))
 ((:system :name "40ants-slynk-docs")
  (:system :name "40ants-slynk-docs/index"))
 ((:system :name "40ants-slynk-docs") (:system :name "40ants-slynk"))
 ((:system :name "40ants-slynk-ci") (:system :name "40ants-slynk-ci/ci"))
 ((:system :name "40ants-slynk") (:system :name "40ants-slynk/core"))
 (t (:project :name "40ants-slynk" :branch "master" :source :implicit-vcs)))

("40ants/ci"
 ((:system :name "40ants-slynk/ci") (:system :name "40ants-ci/jobs/linter"))
 ((:system :name "40ants-slynk/ci") (:system :name "40ants-ci/jobs/run-tests"))
 ((:system :name "40ants-slynk/ci") (:system :name "40ants-ci/jobs/docs"))
 ((:system :name "40ants-slynk/ci") (:system :name "40ants-ci/workflow"))
 ((:system :name "40ants-slynk-ci/ci") (:system :name "40ants-ci/jobs/linter"))
 ((:system :name "40ants-slynk-ci/ci")
  (:system :name "40ants-ci/jobs/run-tests"))
 ((:system :name "40ants-slynk-ci/ci") (:system :name "40ants-ci/jobs/docs"))
 ((:system :name "40ants-slynk-ci/ci") (:system :name "40ants-ci/workflow"))
 ((:system :name "40ants-logging/ci") (:system :name "40ants-ci/jobs/linter"))
 ((:system :name "40ants-logging/ci")
  (:system :name "40ants-ci/jobs/run-tests"))
 ((:system :name "40ants-logging/ci") (:system :name "40ants-ci/jobs/docs"))
 ((:system :name "40ants-logging/ci") (:system :name "40ants-ci/workflow"))
 ((:system :name "40ants-logging-example/ci")
  (:system :name "40ants-ci/jobs/linter"))
 ((:system :name "40ants-logging-example/ci")
  (:system :name "40ants-ci/jobs/run-tests"))
 ((:system :name "40ants-logging-example/ci")
  (:system :name "40ants-ci/jobs/docs"))
 ((:system :name "40ants-logging-example/ci")
  (:system :name "40ants-ci/workflow"))
 ((:system :name "40ants-logging-ci/ci")
  (:system :name "40ants-ci/jobs/linter"))
 ((:system :name "40ants-logging-ci/ci")
  (:system :name "40ants-ci/jobs/run-tests"))
 ((:system :name "40ants-logging-ci/ci") (:system :name "40ants-ci/jobs/docs"))
 ((:system :name "40ants-logging-ci/ci") (:system :name "40ants-ci/workflow"))
 ((:system :name "40ants-ci/workflow") (:system :name "40ants-ci/github"))
 ((:system :name "40ants-ci/workflow") (:system :name "40ants-ci/utils"))
 ((:system :name "40ants-ci/workflow") (:system :name "40ants-ci/vars"))
 ((:system :name "40ants-ci/utils") (:system :name "40ants-ci/vars"))
 ((:system :name "40ants-ci/steps/step") (:system :name "40ants-ci/github"))
 ((:system :name "40ants-ci/steps/step") (:system :name "40ants-ci/utils"))
 ((:system :name "40ants-ci/steps/sh") (:system :name "40ants-ci/github"))
 ((:system :name "40ants-ci/steps/sh") (:system :name "40ants-ci/steps/step"))
 ((:system :name "40ants-ci/steps/sh") (:system :name "40ants-ci/utils"))
 ((:system :name "40ants-ci/steps/action") (:system :name "40ants-ci/github"))
 ((:system :name "40ants-ci/steps/action")
  (:system :name "40ants-ci/steps/step"))
 ((:system :name "40ants-ci/jobs/run-tests")
  (:system :name "40ants-ci/jobs/job"))
 ((:system :name "40ants-ci/jobs/run-tests")
  (:system :name "40ants-ci/jobs/lisp-job"))
 ((:system :name "40ants-ci/jobs/run-tests")
  (:system :name "40ants-ci/steps/action"))
 ((:system :name "40ants-ci/jobs/run-tests") (:system :name "40ants-ci/utils"))
 ((:system :name "40ants-ci/jobs/lisp-job")
  (:system :name "40ants-ci/jobs/job"))
 ((:system :name "40ants-ci/jobs/lisp-job") (:system :name "40ants-ci/utils"))
 ((:system :name "40ants-ci/jobs/lisp-job") (:system :name "40ants-ci/vars"))
 ((:system :name "40ants-ci/jobs/lisp-job")
  (:system :name "40ants-ci/steps/action"))
 ((:system :name "40ants-ci/jobs/lisp-job")
  (:system :name "40ants-ci/steps/sh"))
 ((:system :name "40ants-ci/jobs/linter") (:system :name "40ants-ci/jobs/job"))
 ((:system :name "40ants-ci/jobs/linter") (:system :name "40ants-ci/utils"))
 ((:system :name "40ants-ci/jobs/linter")
  (:system :name "40ants-ci/jobs/lisp-job"))
 ((:system :name "40ants-ci/jobs/linter") (:system :name "40ants-ci/steps/sh"))
 ((:system :name "40ants-ci/jobs/job") (:system :name "40ants-ci/github"))
 ((:system :name "40ants-ci/jobs/job") (:system :name "40ants-ci/utils"))
 ((:system :name "40ants-ci/jobs/docs") (:system :name "40ants-ci/jobs/job"))
 ((:system :name "40ants-ci/jobs/docs")
  (:system :name "40ants-ci/jobs/lisp-job"))
 ((:system :name "40ants-ci/jobs/docs")
  (:system :name "40ants-ci/steps/action"))
 ((:system :name "40ants-ci/jobs/docs") (:system :name "40ants-ci/utils"))
 ((:system :name "40ants-ci/github") (:system :name "40ants-ci/utils"))
 ((:system :name "40ants-ci/github") (:system :name "40ants-ci/vars")))

("40ants/doc"
 ((:system :name "40ants-slynk-docs/changelog")
  (:system :name "40ants-doc/changelog"))
 ((:system :name "40ants-logging-docs/changelog")
  (:system :name "40ants-doc/changelog"))
 ((:system :name "40ants-doc/reference")
  (:system :name "40ants-doc/locatives/base"))
 ((:system :name "40ants-doc/reference")
  (:system :name "40ants-doc/object-package"))
 ((:system :name "40ants-doc/reference")
  (:system :name "40ants-doc/source-api"))
 ((:system :name "40ants-doc/reference")
  (:system :name "40ants-doc/locatives"))
 ((:system :name "40ants-doc/reference")
  (:system :name "40ants-doc/reference-api"))
 ((:system :name "40ants-doc/locatives/base")
  (:system :name "40ants-doc/source-api"))
 ((:system :name "40ants-doc/core") (:system :name "40ants-doc/docstring"))
 ((:system :name "40ants-doc/core")
  (:system :name "40ants-doc/locatives/base"))
 ((:system :name "40ants-doc/core")
  (:system :name "40ants-doc/object-package"))
 ((:system :name "40ants-doc/core") (:system :name "40ants-doc/reference"))
 ((:system :name "40ants-doc/changelog") (:system :name "40ants-doc/core")))

("40ants/log4cl-extras"
 ((:system :name "log4cl-extras/plain")
  (:system :name "log4cl-extras/context"))
 ((:system :name "log4cl-extras/plain") (:system :name "log4cl-extras/utils"))
 ((:system :name "log4cl-extras/json") (:system :name "log4cl-extras/context"))
 ((:system :name "log4cl-extras/json") (:system :name "log4cl-extras/utils"))
 ((:system :name "log4cl-extras/config")
  (:system :name "log4cl-extras/appenders"))
 ((:system :name "log4cl-extras/config") (:system :name "log4cl-extras/json"))
 ((:system :name "log4cl-extras/config") (:system :name "log4cl-extras/plain"))
 ((:system :name "40ants-logging/core") (:system :name "log4cl-extras/config"))
 ((:system :name "40ants-logging/cli") (:system :name "log4cl-extras/context"))
 ((:system :name "40ants-logging-example/core")
  (:system :name "log4cl-extras/config"))
 ((:system :name "40ants-logging-example/cli")
  (:system :name "log4cl-extras/context"))
 ((:system :name "40ants-logging-ci/core")
  (:system :name "log4cl-extras/config"))
 ((:system :name "40ants-logging-ci/cli")
  (:system :name "log4cl-extras/context")))

("alexandria" ((:system :name "yason") (:system :name "alexandria"))
 ((:system :name "static-vectors") (:system :name "alexandria"))
 ((:system :name "proc-parse") (:system :name "alexandria"))
 ((:system :name "log4cl-extras/config") (:system :name "alexandria"))
 ((:system :name "fast-io") (:system :name "alexandria"))
 ((:system :name "defmain") (:system :name "alexandria"))
 ((:system :name "cl-inflector") (:system :name "alexandria"))
 ((:system :name "cl-annot") (:system :name "alexandria"))
 ((:system :name "cffi-grovel") (:system :name "alexandria"))
 ((:system :name "cffi") (:system :name "alexandria"))
 ((:system :name "bordeaux-threads") (:system :name "alexandria"))
 ((:system :name "babel") (:system :name "alexandria"))
 ((:system :name "40ants-ci/workflow") (:system :name "alexandria"))
 ((:system :name "40ants-ci/steps/sh") (:system :name "alexandria"))
 ((:system :name "40ants-ci/steps/action") (:system :name "alexandria"))
 ((:system :name "40ants-ci/jobs/run-tests") (:system :name "alexandria")))

("babel" ((:system :name "proc-parse") (:system :name "babel"))
 ((:system :name "jonathan") (:system :name "babel"))
 ((:system :name "cffi") (:system :name "babel")))

("bordeaux-threads" ((:system :name "rove") (:system :name "bordeaux-threads"))
 ((:system :name "log4cl") (:system :name "bordeaux-threads")))

("cffi" ((:system :name "static-vectors") (:system :name "cffi"))
 ((:system :name "static-vectors") (:system :name "cffi-grovel"))
 ((:system :name "cffi-toolchain") (:system :name "cffi"))
 ((:system :name "cffi-grovel") (:system :name "cffi"))
 ((:system :name "cffi-grovel") (:system :name "cffi-toolchain")))

("cl-annot" ((:system :name "jonathan") (:system :name "cl-annot"))
 ((:system :name "cl-syntax-annot") (:system :name "cl-annot")))

("cl-change-case" ((:system :name "str") (:system :name "cl-change-case")))

("cl-clon"
 ((:system :name "net.didierverna.clon.core")
  (:system :name "net.didierverna.clon.setup"))
 ((:system :name "defmain") (:system :name "net.didierverna.clon.core")))

("cl-inflector" ((:system :name "defmain") (:system :name "cl-inflector")))

("cl-ppcre" ((:system :name "str") (:system :name "cl-ppcre"))
 ((:system :name "str") (:system :name "cl-ppcre-unicode"))
 ((:system :name "rove") (:system :name "cl-ppcre"))
 ((:system :name "jonathan") (:system :name "cl-ppcre"))
 ((:system :name "cl-unicode") (:system :name "cl-ppcre"))
 ((:system :name "cl-ppcre-unicode") (:system :name "cl-ppcre"))
 ((:system :name "cl-inflector") (:system :name "cl-ppcre"))
 ((:system :name "cl-change-case") (:system :name "cl-ppcre"))
 ((:system :name "cl-change-case") (:system :name "cl-ppcre-unicode")))

("cl-str" ((:system :name "40ants-ci/utils") (:system :name "str")))

("cl-strings"
 ((:system :name "log4cl-extras/utils") (:system :name "cl-strings"))
 ((:system :name "defmain") (:system :name "cl-strings")))

("cl-syntax" ((:system :name "jonathan") (:system :name "cl-syntax"))
 ((:system :name "jonathan") (:system :name "cl-syntax-annot"))
 ((:system :name "cl-syntax-annot") (:system :name "cl-syntax")))

("cl-unicode" ((:system :name "cl-ppcre-unicode") (:system :name "cl-unicode")))

("defmain" ((:system :name "40ants-logging/cli") (:system :name "defmain"))
 ((:system :name "40ants-logging-example/cli") (:system :name "defmain"))
 ((:system :name "40ants-logging-ci/cli") (:system :name "defmain")))

("dissect" ((:system :name "rove") (:system :name "dissect")))

("doc" ((:system :name "log4cl-extras/context") (:system :name "40ants-doc"))
 ((:system :name "log4cl-extras/config") (:system :name "40ants-doc"))
 ((:system :name "defmain") (:system :name "40ants-doc"))
 ((:system :name "40ants-slynk-docs/index") (:system :name "40ants-doc"))
 ((:system :name "40ants-logging-docs/index") (:system :name "40ants-doc")))

("docs-builder" ((:system :name "defmain") (:system :name "docs-config"))
 ((:system :name "40ants-slynk-docs/index") (:system :name "docs-config"))
 ((:system :name "40ants-logging-docs/index") (:system :name "docs-config")))

("fast-io" ((:system :name "jonathan") (:system :name "fast-io")))

("global-vars"
 ((:system :name "log4cl-extras/config") (:system :name "global-vars")))

("jonathan" ((:system :name "log4cl-extras/json") (:system :name "jonathan")))

("local-time"
 ((:system :name "log4cl-extras/utils") (:system :name "local-time")))

("log4cl" ((:system :name "log4cl-extras/json") (:system :name "log4cl"))
 ((:system :name "log4cl-extras/appenders") (:system :name "log4cl"))
 ((:system :name "40ants-logging/cli") (:system :name "log4cl"))
 ((:system :name "40ants-logging-example/cli") (:system :name "log4cl"))
 ((:system :name "40ants-logging-ci/cli") (:system :name "log4cl")))

("named-readtables"
 ((:system :name "pythonic-string-reader") (:system :name "named-readtables"))
 ((:system :name "net.didierverna.clon.setup")
  (:system :name "named-readtables"))
 ((:system :name "log4cl-extras/context") (:system :name "named-readtables"))
 ((:system :name "log4cl-extras/config") (:system :name "named-readtables"))
 ((:system :name "defmain") (:system :name "named-readtables"))
 ((:system :name "cl-syntax") (:system :name "named-readtables"))
 ((:system :name "40ants-slynk-docs/index") (:system :name "named-readtables"))
 ((:system :name "40ants-logging-docs/index")
  (:system :name "named-readtables"))
 ((:system :name "40ants-doc/source-api") (:system :name "named-readtables"))
 ((:system :name "40ants-doc/locatives/base")
  (:system :name "named-readtables"))
 ((:system :name "40ants-doc/changelog") (:system :name "named-readtables"))
 ((:system :name "40ants-doc") (:system :name "named-readtables")))

("proc-parse" ((:system :name "jonathan") (:system :name "proc-parse")))

("pythonic-string-reader"
 ((:system :name "log4cl-extras/context")
  (:system :name "pythonic-string-reader"))
 ((:system :name "log4cl-extras/config")
  (:system :name "pythonic-string-reader"))
 ((:system :name "defmain") (:system :name "pythonic-string-reader"))
 ((:system :name "40ants-slynk-docs/index")
  (:system :name "pythonic-string-reader"))
 ((:system :name "40ants-logging-docs/index")
  (:system :name "pythonic-string-reader"))
 ((:system :name "40ants-doc/source-api")
  (:system :name "pythonic-string-reader"))
 ((:system :name "40ants-doc/locatives/base")
  (:system :name "pythonic-string-reader"))
 ((:system :name "40ants-doc/changelog")
  (:system :name "pythonic-string-reader"))
 ((:system :name "40ants-doc") (:system :name "pythonic-string-reader")))

("quicklisp/quicklisp-client"
 ((:system :name "40ants-slynk-docs/index") (:system :name "quicklisp"))
 ((:system :name "40ants-logging-docs/index") (:system :name "quicklisp")))

("rove" ((:system :name "40ants-slynk-tests/core") (:system :name "rove"))
 ((:system :name "40ants-logging-tests/core") (:system :name "rove")))

("static-vectors" ((:system :name "fast-io") (:system :name "static-vectors")))

("trivial-features" ((:system :name "cffi") (:system :name "trivial-features"))
 ((:system :name "babel") (:system :name "trivial-features")))

("trivial-gray-streams"
 ((:system :name "yason") (:system :name "trivial-gray-streams"))
 ((:system :name "rove") (:system :name "trivial-gray-streams"))
 ((:system :name "fast-io") (:system :name "trivial-gray-streams")))

("trivial-types" ((:system :name "jonathan") (:system :name "trivial-types"))
 ((:system :name "cl-syntax") (:system :name "trivial-types")))

("yason" ((:system :name "40ants-ci/utils") (:system :name "yason")))

